
Microsoft Visual Studio Solution File, Format Version 12.00
# Visual Studio Version 16
VisualStudioVersion = 16.0.31515.178
MinimumVisualStudioVersion = 10.0.40219.1
Project("{FAE04EC0-301F-11D3-BF4B-00C04F79EFBC}") = "BookReadingEvent1", "BookReadingEvent1\BookReadingEvent1.csproj", "{AB69BC7E-F058-4BD2-A7CE-EF7AA07AEFC4}"
EndProject
Global
	GlobalSection(SolutionConfigurationPlatforms) = preSolution
		Debug|Any CPU = Debug|Any CPU
		Release|Any CPU = Release|Any CPU
	EndGlobalSection
	GlobalSection(ProjectConfigurationPlatforms) = postSolution
		{AB69BC7E-F058-4BD2-A7CE-EF7AA07AEFC4}.Debug|Any CPU.ActiveCfg = Debug|Any CPU
		{AB69BC7E-F058-4BD2-A7CE-EF7AA07AEFC4}.Debug|Any CPU.Build.0 = Debug|Any CPU
		{AB69BC7E-F058-4BD2-A7CE-EF7AA07AEFC4}.Release|Any CPU.ActiveCfg = Release|Any CPU
		{AB69BC7E-F058-4BD2-A7CE-EF7AA07AEFC4}.Release|Any CPU.Build.0 = Release|Any CPU
	EndGlobalSection
	GlobalSection(SolutionProperties) = preSolution
		HideSolutionNode = FALSE
	EndGlobalSection
	GlobalSection(ExtensibilityGlobals) = postSolution
		SolutionGuid = {012290EF-77C5-4BDC-98FA-C8D34B2AF416}
	EndGlobalSection
EndGlobal
